
Microsoft Visual Studio Solution File, Format Version 11.00
# Visual Studio 2010
Project("{FAE04EC0-301F-11D3-BF4B-00C04F79EFBC}") = "CP Demo", "CP Demo\CP Demo\CP Demo.csproj", "{E5581764-2F4C-484D-A485-B109AB1A4FB1}"
EndProject
Project("{96E2B04D-8817-42C6-938A-82C39BA4D311}") = "CP DemoContent", "CP Demo\CP DemoContent\CP DemoContent.contentproj", "{12A0A163-46FD-4217-BBD6-5D1B88638DF6}"
EndProject
Global
	GlobalSection(SolutionConfigurationPlatforms) = preSolution
		Debug|x86 = Debug|x86
		Release|x86 = Release|x86
	EndGlobalSection
	GlobalSection(ProjectConfigurationPlatforms) = postSolution
		{E5581764-2F4C-484D-A485-B109AB1A4FB1}.Debug|x86.ActiveCfg = Debug|x86
		{E5581764-2F4C-484D-A485-B109AB1A4FB1}.Debug|x86.Build.0 = Debug|x86
		{E5581764-2F4C-484D-A485-B109AB1A4FB1}.Release|x86.ActiveCfg = Release|x86
		{E5581764-2F4C-484D-A485-B109AB1A4FB1}.Release|x86.Build.0 = Release|x86
		{12A0A163-46FD-4217-BBD6-5D1B88638DF6}.Debug|x86.ActiveCfg = Debug|x86
		{12A0A163-46FD-4217-BBD6-5D1B88638DF6}.Release|x86.ActiveCfg = Release|x86
	EndGlobalSection
	GlobalSection(SolutionProperties) = preSolution
		HideSolutionNode = FALSE
	EndGlobalSection
EndGlobal
