
Microsoft Visual Studio Solution File, Format Version 10.00
# Visual Studio 2008
Project("{FAE04EC0-301F-11D3-BF4B-00C04F79EFBC}") = "Assembly-CSharp", "Assembly-CSharp.csproj", "{63B28980-D6E0-BD48-88F2-0D25DEFAE85A}"
EndProject
Global
	GlobalSection(SolutionConfigurationPlatforms) = preSolution
		Debug|Any CPU = Debug|Any CPU
		Release|Any CPU = Release|Any CPU
	EndGlobalSection
	GlobalSection(ProjectConfigurationPlatforms) = postSolution
		{63B28980-D6E0-BD48-88F2-0D25DEFAE85A}.Debug|Any CPU.ActiveCfg = Debug|Any CPU
		{63B28980-D6E0-BD48-88F2-0D25DEFAE85A}.Debug|Any CPU.Build.0 = Debug|Any CPU
		{63B28980-D6E0-BD48-88F2-0D25DEFAE85A}.Release|Any CPU.ActiveCfg = Release|Any CPU
		{63B28980-D6E0-BD48-88F2-0D25DEFAE85A}.Release|Any CPU.Build.0 = Release|Any CPU
	EndGlobalSection
	GlobalSection(MonoDevelopProperties) = preSolution
		StartupItem = Assembly-CSharp.csproj
	EndGlobalSection
EndGlobal
