Microsoft Visual Studio Solution File, Format Version 10.00
# Visual Studio 2008

Project("{323ACD4B-A40C-9805-C30F-337CD45F46FC}") = "GravitéUnity", "Assembly-CSharp-vs.csproj", "{63B28980-D6E0-BD48-88F2-0D25DEFAE85A}"
EndProject
Global
	GlobalSection(SolutionConfigurationPlatforms) = preSolution
		Debug|Any CPU = Debug|Any CPU
		Release|Any CPU = Release|Any CPU
	EndGlobalSection
	GlobalSection(ProjectConfigurationPlatforms) = postSolution
		{63B28980-D6E0-BD48-88F2-0D25DEFAE85A}.Debug|Any CPU.ActiveCfg = Debug|Any CPU
		{63B28980-D6E0-BD48-88F2-0D25DEFAE85A}.Debug|Any CPU.Build.0 = Debug|Any CPU
		{63B28980-D6E0-BD48-88F2-0D25DEFAE85A}.Release|Any CPU.ActiveCfg = Release|Any CPU
		{63B28980-D6E0-BD48-88F2-0D25DEFAE85A}.Release|Any CPU.Build.0 = Release|Any CPU
	EndGlobalSection
	GlobalSection(SolutionProperties) = preSolution
		HideSolutionNode = FALSE
	EndGlobalSection
	
EndGlobal
